{
  "name": "pronosticar",
  "version": "1.0.0",
  "lockfileVersion": 3,
  "requires": true,
  "description": "Backend de PronosticAR",
  "main": "src/app.js",
  "packages": {
    "": {
      "name": "pronosticar",
      "version": "1.0.0"
    }
  },
  "devDependencies": {
    "jest": "^29.7.0",
    "nodemon": "^3.0.2",
    "supertest": "^6.3.3"
  },
  "scripts": {
    "dev": "nodemon src/app.js",
    "start": "node src/app.js",
    "test": "jest --runInBand"
  }
}
